
Microsoft Visual Studio Solution File, Format Version 12.00
# Visual Studio 2013
VisualStudioVersion = 12.0.40629.0
MinimumVisualStudioVersion = 10.0.40219.1
Project("{FAE04EC0-301F-11D3-BF4B-00C04F79EFBC}") = "Main", "Main\Main.csproj", "{E2B7AEF6-FFED-4A15-A832-15F512B079D0}"
EndProject
Project("{2150E333-8FDC-42A3-9474-1A3956D46DE8}") = "Sorters", "Sorters", "{C50BFD4C-50E7-4921-8E78-16817A27E938}"
EndProject
Project("{FAE04EC0-301F-11D3-BF4B-00C04F79EFBC}") = "SorterInterfaces", "SorterInterfaces\SorterInterfaces.csproj", "{1043D589-0136-4F4F-87DF-4DA67B4BA456}"
EndProject
Project("{FAE04EC0-301F-11D3-BF4B-00C04F79EFBC}") = "BubbleSorterProject", "BubbleSorterProject\BubbleSorterProject.csproj", "{EC912154-C62E-47AF-8A06-759D4E92BC75}"
EndProject
Project("{FAE04EC0-301F-11D3-BF4B-00C04F79EFBC}") = "QuickSorterProject", "QuickSorterProject\QuickSorterProject.csproj", "{D7DD32BD-8594-4AC6-9F48-68B212AEFA9A}"
EndProject
Project("{FAE04EC0-301F-11D3-BF4B-00C04F79EFBC}") = "ShellSorterProject", "ShellSorterProject\ShellSorterProject.csproj", "{A7F3AA96-09F5-40F4-83E6-BDE562E31CB9}"
EndProject
Project("{FAE04EC0-301F-11D3-BF4B-00C04F79EFBC}") = "SelectionSorterProject", "SelectionSorterProject\SelectionSorterProject.csproj", "{DBF69C37-1B54-4EBA-8192-16D9DC81F1C1}"
EndProject
Project("{2150E333-8FDC-42A3-9474-1A3956D46DE8}") = "DataAccess", "DataAccess", "{567C1A91-32D9-4C32-8490-A5E52F6A2EB8}"
EndProject
Project("{FAE04EC0-301F-11D3-BF4B-00C04F79EFBC}") = "ArrayFileProject", "ArrayFileProject\ArrayFileProject.csproj", "{C720FAC5-24C3-4E7D-9850-07500D8EB3A4}"
EndProject
Project("{FAE04EC0-301F-11D3-BF4B-00C04F79EFBC}") = "ArrayConsoleProject", "ArrayConsoleProject\ArrayConsoleProject.csproj", "{011D2F6F-1148-4085-94AE-EC6618D8ADAB}"
EndProject
Project("{FAE04EC0-301F-11D3-BF4B-00C04F79EFBC}") = "ArrayRandomProject", "ArrayRandomProject\ArrayRandomProject.csproj", "{87ACC8A6-6B73-4908-A1EF-AF1810502E93}"
EndProject
Project("{2150E333-8FDC-42A3-9474-1A3956D46DE8}") = "System", "System", "{EA48AA58-11EA-4CA6-8386-260F678E4129}"
EndProject
Project("{FAE04EC0-301F-11D3-BF4B-00C04F79EFBC}") = "LoggerProject", "LoggerProject\LoggerProject.csproj", "{A4D60D4C-CDA4-453B-8332-D28309689DFC}"
EndProject
Project("{FAE04EC0-301F-11D3-BF4B-00C04F79EFBC}") = "ArrayADOProject", "ArrayADOProject\ArrayADOProject.csproj", "{3C1A1359-682C-4402-BFF0-0C378DCCC875}"
EndProject
Project("{FAE04EC0-301F-11D3-BF4B-00C04F79EFBC}") = "DatabaseInterfaces", "DatabaseInterfaces\DatabaseInterfaces.csproj", "{EF8876C0-4F81-4DFB-9EF3-BDFE309A814C}"
EndProject
Project("{FAE04EC0-301F-11D3-BF4B-00C04F79EFBC}") = "ArrayEFProject", "ArrayEFProject\ArrayEFProject.csproj", "{788C573A-E8B8-4E8B-BCB3-B4C0A1B3B50A}"
EndProject
Global
	GlobalSection(SolutionConfigurationPlatforms) = preSolution
		Debug|Any CPU = Debug|Any CPU
		Release|Any CPU = Release|Any CPU
	EndGlobalSection
	GlobalSection(ProjectConfigurationPlatforms) = postSolution
		{E2B7AEF6-FFED-4A15-A832-15F512B079D0}.Debug|Any CPU.ActiveCfg = Debug|Any CPU
		{E2B7AEF6-FFED-4A15-A832-15F512B079D0}.Debug|Any CPU.Build.0 = Debug|Any CPU
		{E2B7AEF6-FFED-4A15-A832-15F512B079D0}.Release|Any CPU.ActiveCfg = Release|Any CPU
		{E2B7AEF6-FFED-4A15-A832-15F512B079D0}.Release|Any CPU.Build.0 = Release|Any CPU
		{1043D589-0136-4F4F-87DF-4DA67B4BA456}.Debug|Any CPU.ActiveCfg = Debug|Any CPU
		{1043D589-0136-4F4F-87DF-4DA67B4BA456}.Debug|Any CPU.Build.0 = Debug|Any CPU
		{1043D589-0136-4F4F-87DF-4DA67B4BA456}.Release|Any CPU.ActiveCfg = Release|Any CPU
		{1043D589-0136-4F4F-87DF-4DA67B4BA456}.Release|Any CPU.Build.0 = Release|Any CPU
		{EC912154-C62E-47AF-8A06-759D4E92BC75}.Debug|Any CPU.ActiveCfg = Debug|Any CPU
		{EC912154-C62E-47AF-8A06-759D4E92BC75}.Debug|Any CPU.Build.0 = Debug|Any CPU
		{EC912154-C62E-47AF-8A06-759D4E92BC75}.Release|Any CPU.ActiveCfg = Release|Any CPU
		{EC912154-C62E-47AF-8A06-759D4E92BC75}.Release|Any CPU.Build.0 = Release|Any CPU
		{D7DD32BD-8594-4AC6-9F48-68B212AEFA9A}.Debug|Any CPU.ActiveCfg = Debug|Any CPU
		{D7DD32BD-8594-4AC6-9F48-68B212AEFA9A}.Debug|Any CPU.Build.0 = Debug|Any CPU
		{D7DD32BD-8594-4AC6-9F48-68B212AEFA9A}.Release|Any CPU.ActiveCfg = Release|Any CPU
		{D7DD32BD-8594-4AC6-9F48-68B212AEFA9A}.Release|Any CPU.Build.0 = Release|Any CPU
		{A7F3AA96-09F5-40F4-83E6-BDE562E31CB9}.Debug|Any CPU.ActiveCfg = Debug|Any CPU
		{A7F3AA96-09F5-40F4-83E6-BDE562E31CB9}.Debug|Any CPU.Build.0 = Debug|Any CPU
		{A7F3AA96-09F5-40F4-83E6-BDE562E31CB9}.Release|Any CPU.ActiveCfg = Release|Any CPU
		{A7F3AA96-09F5-40F4-83E6-BDE562E31CB9}.Release|Any CPU.Build.0 = Release|Any CPU
		{DBF69C37-1B54-4EBA-8192-16D9DC81F1C1}.Debug|Any CPU.ActiveCfg = Debug|Any CPU
		{DBF69C37-1B54-4EBA-8192-16D9DC81F1C1}.Debug|Any CPU.Build.0 = Debug|Any CPU
		{DBF69C37-1B54-4EBA-8192-16D9DC81F1C1}.Release|Any CPU.ActiveCfg = Release|Any CPU
		{DBF69C37-1B54-4EBA-8192-16D9DC81F1C1}.Release|Any CPU.Build.0 = Release|Any CPU
		{C720FAC5-24C3-4E7D-9850-07500D8EB3A4}.Debug|Any CPU.ActiveCfg = Debug|Any CPU
		{C720FAC5-24C3-4E7D-9850-07500D8EB3A4}.Debug|Any CPU.Build.0 = Debug|Any CPU
		{C720FAC5-24C3-4E7D-9850-07500D8EB3A4}.Release|Any CPU.ActiveCfg = Release|Any CPU
		{C720FAC5-24C3-4E7D-9850-07500D8EB3A4}.Release|Any CPU.Build.0 = Release|Any CPU
		{011D2F6F-1148-4085-94AE-EC6618D8ADAB}.Debug|Any CPU.ActiveCfg = Debug|Any CPU
		{011D2F6F-1148-4085-94AE-EC6618D8ADAB}.Debug|Any CPU.Build.0 = Debug|Any CPU
		{011D2F6F-1148-4085-94AE-EC6618D8ADAB}.Release|Any CPU.ActiveCfg = Release|Any CPU
		{011D2F6F-1148-4085-94AE-EC6618D8ADAB}.Release|Any CPU.Build.0 = Release|Any CPU
		{87ACC8A6-6B73-4908-A1EF-AF1810502E93}.Debug|Any CPU.ActiveCfg = Debug|Any CPU
		{87ACC8A6-6B73-4908-A1EF-AF1810502E93}.Debug|Any CPU.Build.0 = Debug|Any CPU
		{87ACC8A6-6B73-4908-A1EF-AF1810502E93}.Release|Any CPU.ActiveCfg = Release|Any CPU
		{87ACC8A6-6B73-4908-A1EF-AF1810502E93}.Release|Any CPU.Build.0 = Release|Any CPU
		{A4D60D4C-CDA4-453B-8332-D28309689DFC}.Debug|Any CPU.ActiveCfg = Debug|Any CPU
		{A4D60D4C-CDA4-453B-8332-D28309689DFC}.Debug|Any CPU.Build.0 = Debug|Any CPU
		{A4D60D4C-CDA4-453B-8332-D28309689DFC}.Release|Any CPU.ActiveCfg = Release|Any CPU
		{A4D60D4C-CDA4-453B-8332-D28309689DFC}.Release|Any CPU.Build.0 = Release|Any CPU
		{3C1A1359-682C-4402-BFF0-0C378DCCC875}.Debug|Any CPU.ActiveCfg = Debug|Any CPU
		{3C1A1359-682C-4402-BFF0-0C378DCCC875}.Debug|Any CPU.Build.0 = Debug|Any CPU
		{3C1A1359-682C-4402-BFF0-0C378DCCC875}.Release|Any CPU.ActiveCfg = Release|Any CPU
		{3C1A1359-682C-4402-BFF0-0C378DCCC875}.Release|Any CPU.Build.0 = Release|Any CPU
		{EF8876C0-4F81-4DFB-9EF3-BDFE309A814C}.Debug|Any CPU.ActiveCfg = Debug|Any CPU
		{EF8876C0-4F81-4DFB-9EF3-BDFE309A814C}.Debug|Any CPU.Build.0 = Debug|Any CPU
		{EF8876C0-4F81-4DFB-9EF3-BDFE309A814C}.Release|Any CPU.ActiveCfg = Release|Any CPU
		{EF8876C0-4F81-4DFB-9EF3-BDFE309A814C}.Release|Any CPU.Build.0 = Release|Any CPU
		{788C573A-E8B8-4E8B-BCB3-B4C0A1B3B50A}.Debug|Any CPU.ActiveCfg = Debug|Any CPU
		{788C573A-E8B8-4E8B-BCB3-B4C0A1B3B50A}.Debug|Any CPU.Build.0 = Debug|Any CPU
		{788C573A-E8B8-4E8B-BCB3-B4C0A1B3B50A}.Release|Any CPU.ActiveCfg = Release|Any CPU
		{788C573A-E8B8-4E8B-BCB3-B4C0A1B3B50A}.Release|Any CPU.Build.0 = Release|Any CPU
	EndGlobalSection
	GlobalSection(SolutionProperties) = preSolution
		HideSolutionNode = FALSE
	EndGlobalSection
	GlobalSection(NestedProjects) = preSolution
		{1043D589-0136-4F4F-87DF-4DA67B4BA456} = {C50BFD4C-50E7-4921-8E78-16817A27E938}
		{EC912154-C62E-47AF-8A06-759D4E92BC75} = {C50BFD4C-50E7-4921-8E78-16817A27E938}
		{D7DD32BD-8594-4AC6-9F48-68B212AEFA9A} = {C50BFD4C-50E7-4921-8E78-16817A27E938}
		{A7F3AA96-09F5-40F4-83E6-BDE562E31CB9} = {C50BFD4C-50E7-4921-8E78-16817A27E938}
		{DBF69C37-1B54-4EBA-8192-16D9DC81F1C1} = {C50BFD4C-50E7-4921-8E78-16817A27E938}
		{C720FAC5-24C3-4E7D-9850-07500D8EB3A4} = {567C1A91-32D9-4C32-8490-A5E52F6A2EB8}
		{011D2F6F-1148-4085-94AE-EC6618D8ADAB} = {567C1A91-32D9-4C32-8490-A5E52F6A2EB8}
		{87ACC8A6-6B73-4908-A1EF-AF1810502E93} = {567C1A91-32D9-4C32-8490-A5E52F6A2EB8}
		{A4D60D4C-CDA4-453B-8332-D28309689DFC} = {EA48AA58-11EA-4CA6-8386-260F678E4129}
		{3C1A1359-682C-4402-BFF0-0C378DCCC875} = {567C1A91-32D9-4C32-8490-A5E52F6A2EB8}
		{EF8876C0-4F81-4DFB-9EF3-BDFE309A814C} = {567C1A91-32D9-4C32-8490-A5E52F6A2EB8}
		{788C573A-E8B8-4E8B-BCB3-B4C0A1B3B50A} = {567C1A91-32D9-4C32-8490-A5E52F6A2EB8}
	EndGlobalSection
EndGlobal
